
Microsoft Visual Studio Solution File, Format Version 12.00
# Visual Studio Version 16
VisualStudioVersion = 16.0.29709.97
MinimumVisualStudioVersion = 10.0.40219.1
Project("{FAE04EC0-301F-11D3-BF4B-00C04F79EFBC}") = "MultiSSH", "MultiSSH\MultiSSH.csproj", "{B496DE2D-6576-43F4-9D41-8FF33AB42A5D}"
EndProject
Global
	GlobalSection(SolutionConfigurationPlatforms) = preSolution
		Debug|Any CPU = Debug|Any CPU
		Release|Any CPU = Release|Any CPU
	EndGlobalSection
	GlobalSection(ProjectConfigurationPlatforms) = postSolution
		{B496DE2D-6576-43F4-9D41-8FF33AB42A5D}.Debug|Any CPU.ActiveCfg = Debug|Any CPU
		{B496DE2D-6576-43F4-9D41-8FF33AB42A5D}.Debug|Any CPU.Build.0 = Debug|Any CPU
		{B496DE2D-6576-43F4-9D41-8FF33AB42A5D}.Release|Any CPU.ActiveCfg = Release|Any CPU
		{B496DE2D-6576-43F4-9D41-8FF33AB42A5D}.Release|Any CPU.Build.0 = Release|Any CPU
	EndGlobalSection
	GlobalSection(SolutionProperties) = preSolution
		HideSolutionNode = FALSE
	EndGlobalSection
	GlobalSection(ExtensibilityGlobals) = postSolution
		SolutionGuid = {8FD9C229-8597-40C8-8A44-7F7ECEA7A8FD}
	EndGlobalSection
EndGlobal
